// !$*UTF8*$!
{
	archiveVersion = 1;
	classes = {
	};
	objectVersion = 70;
	objects = {

/* Begin PBXBuildFile section */
		EB8E1E3B2AFE065B00707DC6 /* SyncedScrollView.swift in Sources */ = {isa = PBXBuildFile; fileRef = EB8E1E3A2AFE065B00707DC6 /* SyncedScrollView.swift */; };
		EBA540442A278F56004AC49A /* VTextView.swift in Sources */ = {isa = PBXBuildFile; fileRef = EBA540432A278F56004AC49A /* VTextView.swift */; };
		EBD863D6293B6E97002D835D /* DiagramEditorApp.swift in Sources */ = {isa = PBXBuildFile; fileRef = EBD863D5293B6E97002D835D /* DiagramEditorApp.swift */; };
		EBD863D8293B6E97002D835D /* DiagramEditorDocument.swift in Sources */ = {isa = PBXBuildFile; fileRef = EBD863D7293B6E97002D835D /* DiagramEditorDocument.swift */; };
		EBD863DA293B6E97002D835D /* ContentView.swift in Sources */ = {isa = PBXBuildFile; fileRef = EBD863D9293B6E97002D835D /* ContentView.swift */; };
		EBD863DC293B6E9B002D835D /* Assets.xcassets in Resources */ = {isa = PBXBuildFile; fileRef = EBD863DB293B6E9B002D835D /* Assets.xcassets */; };
		EBD863E1293B6E9B002D835D /* Preview Assets.xcassets in Resources */ = {isa = PBXBuildFile; fileRef = EBD863E0293B6E9B002D835D /* Preview Assets.xcassets */; };
		EBF334A72A6913A20099EE4E /* DiagramEditorTests.swift in Sources */ = {isa = PBXBuildFile; fileRef = EBF334A62A6913A20099EE4E /* DiagramEditorTests.swift */; };
		EF102EA72B21985A00B8D94D /* DiagramGridLineView.swift in Sources */ = {isa = PBXBuildFile; fileRef = EF102EA62B21985A00B8D94D /* DiagramGridLineView.swift */; };
		EF112AED2B2839DD00880995 /* DiagramStationsView.swift in Sources */ = {isa = PBXBuildFile; fileRef = EF112AEC2B2839DD00880995 /* DiagramStationsView.swift */; };
		EF38A2A12D637130001A6C9B /* OuDiaKit in Frameworks */ = {isa = PBXBuildFile; productRef = EF38A2A02D637130001A6C9B /* OuDiaKit */; };
		EF487DED2B230C3D00BBCEC5 /* DiagramView.swift in Sources */ = {isa = PBXBuildFile; fileRef = EF487DEC2B230C3D00BBCEC5 /* DiagramView.swift */; };
		EF537E752B2A13BB00BE24B3 /* Line.swift in Sources */ = {isa = PBXBuildFile; fileRef = EF537E742B2A13BB00BE24B3 /* Line.swift */; };
		EF8E87342B2DE5F300ECEF86 /* DrawDiagram.swift in Sources */ = {isa = PBXBuildFile; fileRef = EF8E87332B2DE5F300ECEF86 /* DrawDiagram.swift */; };
		EFACF4052B28A7B20032C148 /* DiagramTimesView.swift in Sources */ = {isa = PBXBuildFile; fileRef = EFACF4042B28A7B20032C148 /* DiagramTimesView.swift */; };
		EFDE5D802B1C6322006CF9FB /* SidebarView.swift in Sources */ = {isa = PBXBuildFile; fileRef = EFDE5D7F2B1C6322006CF9FB /* SidebarView.swift */; };
		EFDE5D822B1CA2E4006CF9FB /* DetailViewStatus.swift in Sources */ = {isa = PBXBuildFile; fileRef = EFDE5D812B1CA2E4006CF9FB /* DetailViewStatus.swift */; };
/* End PBXBuildFile section */

/* Begin PBXContainerItemProxy section */
		EBF334A82A6913A20099EE4E /* PBXContainerItemProxy */ = {
			isa = PBXContainerItemProxy;
			containerPortal = EBD863CA293B6E97002D835D /* Project object */;
			proxyType = 1;
			remoteGlobalIDString = EBD863D1293B6E97002D835D;
			remoteInfo = DiagramEditor;
		};
/* End PBXContainerItemProxy section */

/* Begin PBXFileReference section */
		EB8E1E3A2AFE065B00707DC6 /* SyncedScrollView.swift */ = {isa = PBXFileReference; lastKnownFileType = sourcecode.swift; path = SyncedScrollView.swift; sourceTree = "<group>"; };
		EBA540432A278F56004AC49A /* VTextView.swift */ = {isa = PBXFileReference; lastKnownFileType = sourcecode.swift; path = VTextView.swift; sourceTree = "<group>"; };
		EBD863D2293B6E97002D835D /* DiagramEditor.app */ = {isa = PBXFileReference; explicitFileType = wrapper.application; includeInIndex = 0; path = DiagramEditor.app; sourceTree = BUILT_PRODUCTS_DIR; };
		EBD863D5293B6E97002D835D /* DiagramEditorApp.swift */ = {isa = PBXFileReference; lastKnownFileType = sourcecode.swift; path = DiagramEditorApp.swift; sourceTree = "<group>"; };
		EBD863D7293B6E97002D835D /* DiagramEditorDocument.swift */ = {isa = PBXFileReference; lastKnownFileType = sourcecode.swift; path = DiagramEditorDocument.swift; sourceTree = "<group>"; };
		EBD863D9293B6E97002D835D /* ContentView.swift */ = {isa = PBXFileReference; lastKnownFileType = sourcecode.swift; path = ContentView.swift; sourceTree = "<group>"; };
		EBD863DB293B6E9B002D835D /* Assets.xcassets */ = {isa = PBXFileReference; lastKnownFileType = folder.assetcatalog; path = Assets.xcassets; sourceTree = "<group>"; };
		EBD863DD293B6E9B002D835D /* Info.plist */ = {isa = PBXFileReference; lastKnownFileType = text.plist.xml; path = Info.plist; sourceTree = "<group>"; };
		EBD863DE293B6E9B002D835D /* DiagramEditor.entitlements */ = {isa = PBXFileReference; lastKnownFileType = text.plist.entitlements; path = DiagramEditor.entitlements; sourceTree = "<group>"; };
		EBD863E0293B6E9B002D835D /* Preview Assets.xcassets */ = {isa = PBXFileReference; lastKnownFileType = folder.assetcatalog; path = "Preview Assets.xcassets"; sourceTree = "<group>"; };
		EBF334A42A6913A10099EE4E /* DiagramEditorTests.xctest */ = {isa = PBXFileReference; explicitFileType = wrapper.cfbundle; includeInIndex = 0; path = DiagramEditorTests.xctest; sourceTree = BUILT_PRODUCTS_DIR; };
		EBF334A62A6913A20099EE4E /* DiagramEditorTests.swift */ = {isa = PBXFileReference; lastKnownFileType = sourcecode.swift; path = DiagramEditorTests.swift; sourceTree = "<group>"; };
		EF102EA62B21985A00B8D94D /* DiagramGridLineView.swift */ = {isa = PBXFileReference; lastKnownFileType = sourcecode.swift; path = DiagramGridLineView.swift; sourceTree = "<group>"; };
		EF112AEC2B2839DD00880995 /* DiagramStationsView.swift */ = {isa = PBXFileReference; lastKnownFileType = sourcecode.swift; path = DiagramStationsView.swift; sourceTree = "<group>"; };
		EF487DEC2B230C3D00BBCEC5 /* DiagramView.swift */ = {isa = PBXFileReference; lastKnownFileType = sourcecode.swift; path = DiagramView.swift; sourceTree = "<group>"; };
		EF537E742B2A13BB00BE24B3 /* Line.swift */ = {isa = PBXFileReference; lastKnownFileType = sourcecode.swift; path = Line.swift; sourceTree = "<group>"; };
		EF8E87332B2DE5F300ECEF86 /* DrawDiagram.swift */ = {isa = PBXFileReference; lastKnownFileType = sourcecode.swift; path = DrawDiagram.swift; sourceTree = "<group>"; };
		EFACF4042B28A7B20032C148 /* DiagramTimesView.swift */ = {isa = PBXFileReference; lastKnownFileType = sourcecode.swift; path = DiagramTimesView.swift; sourceTree = "<group>"; };
		EFDE5D7F2B1C6322006CF9FB /* SidebarView.swift */ = {isa = PBXFileReference; lastKnownFileType = sourcecode.swift; path = SidebarView.swift; sourceTree = "<group>"; };
		EFDE5D812B1CA2E4006CF9FB /* DetailViewStatus.swift */ = {isa = PBXFileReference; lastKnownFileType = sourcecode.swift; path = DetailViewStatus.swift; sourceTree = "<group>"; };
/* End PBXFileReference section */

/* Begin PBXFileSystemSynchronizedRootGroup section */
		EF38A2BC2D63788D001A6C9B /* Utils */ = {isa = PBXFileSystemSynchronizedRootGroup; explicitFileTypes = {}; explicitFolders = (); path = Utils; sourceTree = "<group>"; };
		EF38A2BD2D6378BA001A6C9B /* Extensions */ = {isa = PBXFileSystemSynchronizedRootGroup; explicitFileTypes = {}; explicitFolders = (); path = Extensions; sourceTree = "<group>"; };
		EF668B292D68D49E00D093A8 /* TimeTableView */ = {isa = PBXFileSystemSynchronizedRootGroup; explicitFileTypes = {}; explicitFolders = (); path = TimeTableView; sourceTree = "<group>"; };
/* End PBXFileSystemSynchronizedRootGroup section */

/* Begin PBXFrameworksBuildPhase section */
		EBD863CF293B6E97002D835D /* Frameworks */ = {
			isa = PBXFrameworksBuildPhase;
			buildActionMask = 2147483647;
			files = (
				EF38A2A12D637130001A6C9B /* OuDiaKit in Frameworks */,
			);
			runOnlyForDeploymentPostprocessing = 0;
		};
		EBF334A12A6913A10099EE4E /* Frameworks */ = {
			isa = PBXFrameworksBuildPhase;
			buildActionMask = 2147483647;
			files = (
			);
			runOnlyForDeploymentPostprocessing = 0;
		};
/* End PBXFrameworksBuildPhase section */

/* Begin PBXGroup section */
		EBD863C9293B6E97002D835D = {
			isa = PBXGroup;
			children = (
				EBD863D4293B6E97002D835D /* DiagramEditor */,
				EBF334A52A6913A20099EE4E /* DiagramEditorTests */,
				EBD863D3293B6E97002D835D /* Products */,
			);
			sourceTree = "<group>";
		};
		EBD863D3293B6E97002D835D /* Products */ = {
			isa = PBXGroup;
			children = (
				EBD863D2293B6E97002D835D /* DiagramEditor.app */,
				EBF334A42A6913A10099EE4E /* DiagramEditorTests.xctest */,
			);
			name = Products;
			sourceTree = "<group>";
		};
		EBD863D4293B6E97002D835D /* DiagramEditor */ = {
			isa = PBXGroup;
			children = (
				EF38A2BD2D6378BA001A6C9B /* Extensions */,
				EF38A2BC2D63788D001A6C9B /* Utils */,
				EBD863D5293B6E97002D835D /* DiagramEditorApp.swift */,
				EBD863D7293B6E97002D835D /* DiagramEditorDocument.swift */,
				EBF334992A690A460099EE4E /* View */,
				EBF334982A690A350099EE4E /* Model */,
				EBD863DB293B6E9B002D835D /* Assets.xcassets */,
				EBD863DD293B6E9B002D835D /* Info.plist */,
				EBD863DE293B6E9B002D835D /* DiagramEditor.entitlements */,
				EBD863DF293B6E9B002D835D /* Preview Content */,
			);
			path = DiagramEditor;
			sourceTree = "<group>";
		};
		EBD863DF293B6E9B002D835D /* Preview Content */ = {
			isa = PBXGroup;
			children = (
				EBD863E0293B6E9B002D835D /* Preview Assets.xcassets */,
			);
			path = "Preview Content";
			sourceTree = "<group>";
		};
		EBF334982A690A350099EE4E /* Model */ = {
			isa = PBXGroup;
			children = (
			);
			path = Model;
			sourceTree = "<group>";
		};
		EBF334992A690A460099EE4E /* View */ = {
			isa = PBXGroup;
			children = (
				EBD863D9293B6E97002D835D /* ContentView.swift */,
				EFDE5D812B1CA2E4006CF9FB /* DetailViewStatus.swift */,
				EFDE5D7F2B1C6322006CF9FB /* SidebarView.swift */,
				EF668B292D68D49E00D093A8 /* TimeTableView */,
				EF102EA82B21986500B8D94D /* DiagramView */,
				EB8E1E3A2AFE065B00707DC6 /* SyncedScrollView.swift */,
				EBA540432A278F56004AC49A /* VTextView.swift */,
			);
			path = View;
			sourceTree = "<group>";
		};
		EBF334A52A6913A20099EE4E /* DiagramEditorTests */ = {
			isa = PBXGroup;
			children = (
				EBF334A62A6913A20099EE4E /* DiagramEditorTests.swift */,
			);
			path = DiagramEditorTests;
			sourceTree = "<group>";
		};
		EF102EA82B21986500B8D94D /* DiagramView */ = {
			isa = PBXGroup;
			children = (
				EF487DEC2B230C3D00BBCEC5 /* DiagramView.swift */,
				EF8E87332B2DE5F300ECEF86 /* DrawDiagram.swift */,
				EF537E742B2A13BB00BE24B3 /* Line.swift */,
				EF102EA62B21985A00B8D94D /* DiagramGridLineView.swift */,
				EFACF4042B28A7B20032C148 /* DiagramTimesView.swift */,
				EF112AEC2B2839DD00880995 /* DiagramStationsView.swift */,
			);
			path = DiagramView;
			sourceTree = "<group>";
		};
/* End PBXGroup section */

/* Begin PBXNativeTarget section */
		EBD863D1293B6E97002D835D /* DiagramEditor */ = {
			isa = PBXNativeTarget;
			buildConfigurationList = EBD863E4293B6E9B002D835D /* Build configuration list for PBXNativeTarget "DiagramEditor" */;
			buildPhases = (
				EBD863CE293B6E97002D835D /* Sources */,
				EBD863CF293B6E97002D835D /* Frameworks */,
				EBD863D0293B6E97002D835D /* Resources */,
			);
			buildRules = (
			);
			dependencies = (
			);
			fileSystemSynchronizedGroups = (
				EF38A2BC2D63788D001A6C9B /* Utils */,
				EF38A2BD2D6378BA001A6C9B /* Extensions */,
				EF668B292D68D49E00D093A8 /* TimeTableView */,
			);
			name = DiagramEditor;
			productName = DiagramEditor;
			productReference = EBD863D2293B6E97002D835D /* DiagramEditor.app */;
			productType = "com.apple.product-type.application";
		};
		EBF334A32A6913A10099EE4E /* DiagramEditorTests */ = {
			isa = PBXNativeTarget;
			buildConfigurationList = EBF334AA2A6913A20099EE4E /* Build configuration list for PBXNativeTarget "DiagramEditorTests" */;
			buildPhases = (
				EBF334A02A6913A10099EE4E /* Sources */,
				EBF334A12A6913A10099EE4E /* Frameworks */,
				EBF334A22A6913A10099EE4E /* Resources */,
			);
			buildRules = (
			);
			dependencies = (
				EBF334A92A6913A20099EE4E /* PBXTargetDependency */,
			);
			name = DiagramEditorTests;
			productName = DiagramEditorTests;
			productReference = EBF334A42A6913A10099EE4E /* DiagramEditorTests.xctest */;
			productType = "com.apple.product-type.bundle.unit-test";
		};
/* End PBXNativeTarget section */

/* Begin PBXProject section */
		EBD863CA293B6E97002D835D /* Project object */ = {
			isa = PBXProject;
			attributes = {
				BuildIndependentTargetsInParallel = 1;
				LastSwiftUpdateCheck = 1430;
				LastUpgradeCheck = 1500;
				TargetAttributes = {
					EBD863D1293B6E97002D835D = {
						CreatedOnToolsVersion = 14.1;
					};
					EBF334A32A6913A10099EE4E = {
						CreatedOnToolsVersion = 14.3.1;
						TestTargetID = EBD863D1293B6E97002D835D;
					};
				};
			};
			buildConfigurationList = EBD863CD293B6E97002D835D /* Build configuration list for PBXProject "DiagramEditor" */;
			compatibilityVersion = "Xcode 14.0";
			developmentRegion = en;
			hasScannedForEncodings = 0;
			knownRegions = (
				en,
				Base,
			);
			mainGroup = EBD863C9293B6E97002D835D;
			packageReferences = (
				EF38A29F2D637130001A6C9B /* XCRemoteSwiftPackageReference "OuDiaKit" */,
			);
			productRefGroup = EBD863D3293B6E97002D835D /* Products */;
			projectDirPath = "";
			projectRoot = "";
			targets = (
				EBD863D1293B6E97002D835D /* DiagramEditor */,
				EBF334A32A6913A10099EE4E /* DiagramEditorTests */,
			);
		};
/* End PBXProject section */

/* Begin PBXResourcesBuildPhase section */
		EBD863D0293B6E97002D835D /* Resources */ = {
			isa = PBXResourcesBuildPhase;
			buildActionMask = 2147483647;
			files = (
				EBD863E1293B6E9B002D835D /* Preview Assets.xcassets in Resources */,
				EBD863DC293B6E9B002D835D /* Assets.xcassets in Resources */,
			);
			runOnlyForDeploymentPostprocessing = 0;
		};
		EBF334A22A6913A10099EE4E /* Resources */ = {
			isa = PBXResourcesBuildPhase;
			buildActionMask = 2147483647;
			files = (
			);
			runOnlyForDeploymentPostprocessing = 0;
		};
/* End PBXResourcesBuildPhase section */

/* Begin PBXSourcesBuildPhase section */
		EBD863CE293B6E97002D835D /* Sources */ = {
			isa = PBXSourcesBuildPhase;
			buildActionMask = 2147483647;
			files = (
				EF102EA72B21985A00B8D94D /* DiagramGridLineView.swift in Sources */,
				EF8E87342B2DE5F300ECEF86 /* DrawDiagram.swift in Sources */,
				EBD863D6293B6E97002D835D /* DiagramEditorApp.swift in Sources */,
				EBD863D8293B6E97002D835D /* DiagramEditorDocument.swift in Sources */,
				EFDE5D822B1CA2E4006CF9FB /* DetailViewStatus.swift in Sources */,
				EB8E1E3B2AFE065B00707DC6 /* SyncedScrollView.swift in Sources */,
				EFACF4052B28A7B20032C148 /* DiagramTimesView.swift in Sources */,
				EF537E752B2A13BB00BE24B3 /* Line.swift in Sources */,
				EF112AED2B2839DD00880995 /* DiagramStationsView.swift in Sources */,
				EBD863DA293B6E97002D835D /* ContentView.swift in Sources */,
				EF487DED2B230C3D00BBCEC5 /* DiagramView.swift in Sources */,
				EFDE5D802B1C6322006CF9FB /* SidebarView.swift in Sources */,
				EBA540442A278F56004AC49A /* VTextView.swift in Sources */,
			);
			runOnlyForDeploymentPostprocessing = 0;
		};
		EBF334A02A6913A10099EE4E /* Sources */ = {
			isa = PBXSourcesBuildPhase;
			buildActionMask = 2147483647;
			files = (
				EBF334A72A6913A20099EE4E /* DiagramEditorTests.swift in Sources */,
			);
			runOnlyForDeploymentPostprocessing = 0;
		};
/* End PBXSourcesBuildPhase section */

/* Begin PBXTargetDependency section */
		EBF334A92A6913A20099EE4E /* PBXTargetDependency */ = {
			isa = PBXTargetDependency;
			target = EBD863D1293B6E97002D835D /* DiagramEditor */;
			targetProxy = EBF334A82A6913A20099EE4E /* PBXContainerItemProxy */;
		};
/* End PBXTargetDependency section */

/* Begin XCBuildConfiguration section */
		EBD863E2293B6E9B002D835D /* Debug */ = {
			isa = XCBuildConfiguration;
			buildSettings = {
				ALWAYS_SEARCH_USER_PATHS = NO;
				CLANG_ANALYZER_NONNULL = YES;
				CLANG_ANALYZER_NUMBER_OBJECT_CONVERSION = YES_AGGRESSIVE;
				CLANG_CXX_LANGUAGE_STANDARD = "gnu++20";
				CLANG_ENABLE_MODULES = YES;
				CLANG_ENABLE_OBJC_ARC = YES;
				CLANG_ENABLE_OBJC_WEAK = YES;
				CLANG_WARN_BLOCK_CAPTURE_AUTORELEASING = YES;
				CLANG_WARN_BOOL_CONVERSION = YES;
				CLANG_WARN_COMMA = YES;
				CLANG_WARN_CONSTANT_CONVERSION = YES;
				CLANG_WARN_DEPRECATED_OBJC_IMPLEMENTATIONS = YES;
				CLANG_WARN_DIRECT_OBJC_ISA_USAGE = YES_ERROR;
				CLANG_WARN_DOCUMENTATION_COMMENTS = YES;
				CLANG_WARN_EMPTY_BODY = YES;
				CLANG_WARN_ENUM_CONVERSION = YES;
				CLANG_WARN_INFINITE_RECURSION = YES;
				CLANG_WARN_INT_CONVERSION = YES;
				CLANG_WARN_NON_LITERAL_NULL_CONVERSION = YES;
				CLANG_WARN_OBJC_IMPLICIT_RETAIN_SELF = YES;
				CLANG_WARN_OBJC_LITERAL_CONVERSION = YES;
				CLANG_WARN_OBJC_ROOT_CLASS = YES_ERROR;
				CLANG_WARN_QUOTED_INCLUDE_IN_FRAMEWORK_HEADER = YES;
				CLANG_WARN_RANGE_LOOP_ANALYSIS = YES;
				CLANG_WARN_STRICT_PROTOTYPES = YES;
				CLANG_WARN_SUSPICIOUS_MOVE = YES;
				CLANG_WARN_UNGUARDED_AVAILABILITY = YES_AGGRESSIVE;
				CLANG_WARN_UNREACHABLE_CODE = YES;
				CLANG_WARN__DUPLICATE_METHOD_MATCH = YES;
				COPY_PHASE_STRIP = NO;
				DEAD_CODE_STRIPPING = YES;
				DEBUG_INFORMATION_FORMAT = dwarf;
				ENABLE_STRICT_OBJC_MSGSEND = YES;
				ENABLE_TESTABILITY = YES;
				ENABLE_USER_SCRIPT_SANDBOXING = YES;
				GCC_C_LANGUAGE_STANDARD = gnu11;
				GCC_DYNAMIC_NO_PIC = NO;
				GCC_NO_COMMON_BLOCKS = YES;
				GCC_OPTIMIZATION_LEVEL = 0;
				GCC_PREPROCESSOR_DEFINITIONS = (
					"DEBUG=1",
					"$(inherited)",
				);
				GCC_WARN_64_TO_32_BIT_CONVERSION = YES;
				GCC_WARN_ABOUT_RETURN_TYPE = YES_ERROR;
				GCC_WARN_UNDECLARED_SELECTOR = YES;
				GCC_WARN_UNINITIALIZED_AUTOS = YES_AGGRESSIVE;
				GCC_WARN_UNUSED_FUNCTION = YES;
				GCC_WARN_UNUSED_VARIABLE = YES;
				MTL_ENABLE_DEBUG_INFO = INCLUDE_SOURCE;
				MTL_FAST_MATH = YES;
				ONLY_ACTIVE_ARCH = YES;
				SWIFT_ACTIVE_COMPILATION_CONDITIONS = DEBUG;
				SWIFT_OPTIMIZATION_LEVEL = "-Onone";
			};
			name = Debug;
		};
		EBD863E3293B6E9B002D835D /* Release */ = {
			isa = XCBuildConfiguration;
			buildSettings = {
				ALWAYS_SEARCH_USER_PATHS = NO;
				CLANG_ANALYZER_NONNULL = YES;
				CLANG_ANALYZER_NUMBER_OBJECT_CONVERSION = YES_AGGRESSIVE;
				CLANG_CXX_LANGUAGE_STANDARD = "gnu++20";
				CLANG_ENABLE_MODULES = YES;
				CLANG_ENABLE_OBJC_ARC = YES;
				CLANG_ENABLE_OBJC_WEAK = YES;
				CLANG_WARN_BLOCK_CAPTURE_AUTORELEASING = YES;
				CLANG_WARN_BOOL_CONVERSION = YES;
				CLANG_WARN_COMMA = YES;
				CLANG_WARN_CONSTANT_CONVERSION = YES;
				CLANG_WARN_DEPRECATED_OBJC_IMPLEMENTATIONS = YES;
				CLANG_WARN_DIRECT_OBJC_ISA_USAGE = YES_ERROR;
				CLANG_WARN_DOCUMENTATION_COMMENTS = YES;
				CLANG_WARN_EMPTY_BODY = YES;
				CLANG_WARN_ENUM_CONVERSION = YES;
				CLANG_WARN_INFINITE_RECURSION = YES;
				CLANG_WARN_INT_CONVERSION = YES;
				CLANG_WARN_NON_LITERAL_NULL_CONVERSION = YES;
				CLANG_WARN_OBJC_IMPLICIT_RETAIN_SELF = YES;
				CLANG_WARN_OBJC_LITERAL_CONVERSION = YES;
				CLANG_WARN_OBJC_ROOT_CLASS = YES_ERROR;
				CLANG_WARN_QUOTED_INCLUDE_IN_FRAMEWORK_HEADER = YES;
				CLANG_WARN_RANGE_LOOP_ANALYSIS = YES;
				CLANG_WARN_STRICT_PROTOTYPES = YES;
				CLANG_WARN_SUSPICIOUS_MOVE = YES;
				CLANG_WARN_UNGUARDED_AVAILABILITY = YES_AGGRESSIVE;
				CLANG_WARN_UNREACHABLE_CODE = YES;
				CLANG_WARN__DUPLICATE_METHOD_MATCH = YES;
				COPY_PHASE_STRIP = NO;
				DEAD_CODE_STRIPPING = YES;
				DEBUG_INFORMATION_FORMAT = "dwarf-with-dsym";
				ENABLE_NS_ASSERTIONS = NO;
				ENABLE_STRICT_OBJC_MSGSEND = YES;
				ENABLE_USER_SCRIPT_SANDBOXING = YES;
				GCC_C_LANGUAGE_STANDARD = gnu11;
				GCC_NO_COMMON_BLOCKS = YES;
				GCC_WARN_64_TO_32_BIT_CONVERSION = YES;
				GCC_WARN_ABOUT_RETURN_TYPE = YES_ERROR;
				GCC_WARN_UNDECLARED_SELECTOR = YES;
				GCC_WARN_UNINITIALIZED_AUTOS = YES_AGGRESSIVE;
				GCC_WARN_UNUSED_FUNCTION = YES;
				GCC_WARN_UNUSED_VARIABLE = YES;
				MTL_ENABLE_DEBUG_INFO = NO;
				MTL_FAST_MATH = YES;
				SWIFT_COMPILATION_MODE = wholemodule;
				SWIFT_OPTIMIZATION_LEVEL = "-O";
			};
			name = Release;
		};
		EBD863E5293B6E9B002D835D /* Debug */ = {
			isa = XCBuildConfiguration;
			buildSettings = {
				ASSETCATALOG_COMPILER_APPICON_NAME = AppIcon;
				ASSETCATALOG_COMPILER_GLOBAL_ACCENT_COLOR_NAME = AccentColor;
				CODE_SIGN_ENTITLEMENTS = DiagramEditor/DiagramEditor.entitlements;
				CODE_SIGN_STYLE = Automatic;
				CURRENT_PROJECT_VERSION = 1;
				DEAD_CODE_STRIPPING = YES;
				DEVELOPMENT_ASSET_PATHS = "\"DiagramEditor/Preview Content\"";
				DEVELOPMENT_TEAM = VXRZ4F779B;
				ENABLE_HARDENED_RUNTIME = YES;
				ENABLE_PREVIEWS = YES;
				GENERATE_INFOPLIST_FILE = YES;
				INFOPLIST_FILE = DiagramEditor/Info.plist;
				"INFOPLIST_KEY_UIApplicationSceneManifest_Generation[sdk=iphoneos*]" = YES;
				"INFOPLIST_KEY_UIApplicationSceneManifest_Generation[sdk=iphonesimulator*]" = YES;
				"INFOPLIST_KEY_UIApplicationSupportsIndirectInputEvents[sdk=iphoneos*]" = YES;
				"INFOPLIST_KEY_UIApplicationSupportsIndirectInputEvents[sdk=iphonesimulator*]" = YES;
				"INFOPLIST_KEY_UILaunchScreen_Generation[sdk=iphoneos*]" = YES;
				"INFOPLIST_KEY_UILaunchScreen_Generation[sdk=iphonesimulator*]" = YES;
				"INFOPLIST_KEY_UIStatusBarStyle[sdk=iphoneos*]" = UIStatusBarStyleDefault;
				"INFOPLIST_KEY_UIStatusBarStyle[sdk=iphonesimulator*]" = UIStatusBarStyleDefault;
				INFOPLIST_KEY_UISupportedInterfaceOrientations_iPad = "UIInterfaceOrientationPortrait UIInterfaceOrientationPortraitUpsideDown UIInterfaceOrientationLandscapeLeft UIInterfaceOrientationLandscapeRight";
				INFOPLIST_KEY_UISupportedInterfaceOrientations_iPhone = "UIInterfaceOrientationPortrait UIInterfaceOrientationLandscapeLeft UIInterfaceOrientationLandscapeRight";
				"INFOPLIST_KEY_UISupportsDocumentBrowser[sdk=iphoneos*]" = YES;
				"INFOPLIST_KEY_UISupportsDocumentBrowser[sdk=iphonesimulator*]" = YES;
				IPHONEOS_DEPLOYMENT_TARGET = 17.0;
				LD_RUNPATH_SEARCH_PATHS = "@executable_path/Frameworks";
				"LD_RUNPATH_SEARCH_PATHS[sdk=macosx*]" = "@executable_path/../Frameworks";
				MACOSX_DEPLOYMENT_TARGET = 14.0;
				MARKETING_VERSION = "Alpha 1.0.0";
				PRODUCT_BUNDLE_IDENTIFIER = com.yu3san3.DiagramEditor;
				PRODUCT_NAME = "$(TARGET_NAME)";
				SDKROOT = auto;
				SUPPORTED_PLATFORMS = "iphoneos iphonesimulator macosx";
				SWIFT_EMIT_LOC_STRINGS = YES;
				SWIFT_VERSION = 5.0;
				TARGETED_DEVICE_FAMILY = "1,2";
			};
			name = Debug;
		};
		EBD863E6293B6E9B002D835D /* Release */ = {
			isa = XCBuildConfiguration;
			buildSettings = {
				ASSETCATALOG_COMPILER_APPICON_NAME = AppIcon;
				ASSETCATALOG_COMPILER_GLOBAL_ACCENT_COLOR_NAME = AccentColor;
				CODE_SIGN_ENTITLEMENTS = DiagramEditor/DiagramEditor.entitlements;
				CODE_SIGN_STYLE = Automatic;
				CURRENT_PROJECT_VERSION = 1;
				DEAD_CODE_STRIPPING = YES;
				DEVELOPMENT_ASSET_PATHS = "\"DiagramEditor/Preview Content\"";
				DEVELOPMENT_TEAM = VXRZ4F779B;
				ENABLE_HARDENED_RUNTIME = YES;
				ENABLE_PREVIEWS = YES;
				GENERATE_INFOPLIST_FILE = YES;
				INFOPLIST_FILE = DiagramEditor/Info.plist;
				"INFOPLIST_KEY_UIApplicationSceneManifest_Generation[sdk=iphoneos*]" = YES;
				"INFOPLIST_KEY_UIApplicationSceneManifest_Generation[sdk=iphonesimulator*]" = YES;
				"INFOPLIST_KEY_UIApplicationSupportsIndirectInputEvents[sdk=iphoneos*]" = YES;
				"INFOPLIST_KEY_UIApplicationSupportsIndirectInputEvents[sdk=iphonesimulator*]" = YES;
				"INFOPLIST_KEY_UILaunchScreen_Generation[sdk=iphoneos*]" = YES;
				"INFOPLIST_KEY_UILaunchScreen_Generation[sdk=iphonesimulator*]" = YES;
				"INFOPLIST_KEY_UIStatusBarStyle[sdk=iphoneos*]" = UIStatusBarStyleDefault;
				"INFOPLIST_KEY_UIStatusBarStyle[sdk=iphonesimulator*]" = UIStatusBarStyleDefault;
				INFOPLIST_KEY_UISupportedInterfaceOrientations_iPad = "UIInterfaceOrientationPortrait UIInterfaceOrientationPortraitUpsideDown UIInterfaceOrientationLandscapeLeft UIInterfaceOrientationLandscapeRight";
				INFOPLIST_KEY_UISupportedInterfaceOrientations_iPhone = "UIInterfaceOrientationPortrait UIInterfaceOrientationLandscapeLeft UIInterfaceOrientationLandscapeRight";
				"INFOPLIST_KEY_UISupportsDocumentBrowser[sdk=iphoneos*]" = YES;
				"INFOPLIST_KEY_UISupportsDocumentBrowser[sdk=iphonesimulator*]" = YES;
				IPHONEOS_DEPLOYMENT_TARGET = 17.0;
				LD_RUNPATH_SEARCH_PATHS = "@executable_path/Frameworks";
				"LD_RUNPATH_SEARCH_PATHS[sdk=macosx*]" = "@executable_path/../Frameworks";
				MACOSX_DEPLOYMENT_TARGET = 14.0;
				MARKETING_VERSION = "Alpha 1.0.0";
				PRODUCT_BUNDLE_IDENTIFIER = com.yu3san3.DiagramEditor;
				PRODUCT_NAME = "$(TARGET_NAME)";
				SDKROOT = auto;
				SUPPORTED_PLATFORMS = "iphoneos iphonesimulator macosx";
				SWIFT_EMIT_LOC_STRINGS = YES;
				SWIFT_VERSION = 5.0;
				TARGETED_DEVICE_FAMILY = "1,2";
			};
			name = Release;
		};
		EBF334AB2A6913A20099EE4E /* Debug */ = {
			isa = XCBuildConfiguration;
			buildSettings = {
				BUNDLE_LOADER = "$(TEST_HOST)";
				CODE_SIGN_STYLE = Automatic;
				CURRENT_PROJECT_VERSION = 1;
				DEAD_CODE_STRIPPING = YES;
				DEVELOPMENT_TEAM = VXRZ4F779B;
				GENERATE_INFOPLIST_FILE = YES;
				IPHONEOS_DEPLOYMENT_TARGET = 16.4;
				MACOSX_DEPLOYMENT_TARGET = 13.3;
				MARKETING_VERSION = 1.0;
				PRODUCT_BUNDLE_IDENTIFIER = com.yu3san3.DiagramEditorTests;
				PRODUCT_NAME = "$(TARGET_NAME)";
				SDKROOT = auto;
				SUPPORTED_PLATFORMS = "iphoneos iphonesimulator macosx";
				SWIFT_EMIT_LOC_STRINGS = NO;
				SWIFT_VERSION = 5.0;
				TARGETED_DEVICE_FAMILY = "1,2";
				TEST_HOST = "$(BUILT_PRODUCTS_DIR)/DiagramEditor.app/$(BUNDLE_EXECUTABLE_FOLDER_PATH)/DiagramEditor";
			};
			name = Debug;
		};
		EBF334AC2A6913A20099EE4E /* Release */ = {
			isa = XCBuildConfiguration;
			buildSettings = {
				BUNDLE_LOADER = "$(TEST_HOST)";
				CODE_SIGN_STYLE = Automatic;
				CURRENT_PROJECT_VERSION = 1;
				DEAD_CODE_STRIPPING = YES;
				DEVELOPMENT_TEAM = VXRZ4F779B;
				GENERATE_INFOPLIST_FILE = YES;
				IPHONEOS_DEPLOYMENT_TARGET = 16.4;
				MACOSX_DEPLOYMENT_TARGET = 13.3;
				MARKETING_VERSION = 1.0;
				PRODUCT_BUNDLE_IDENTIFIER = com.yu3san3.DiagramEditorTests;
				PRODUCT_NAME = "$(TARGET_NAME)";
				SDKROOT = auto;
				SUPPORTED_PLATFORMS = "iphoneos iphonesimulator macosx";
				SWIFT_EMIT_LOC_STRINGS = NO;
				SWIFT_VERSION = 5.0;
				TARGETED_DEVICE_FAMILY = "1,2";
				TEST_HOST = "$(BUILT_PRODUCTS_DIR)/DiagramEditor.app/$(BUNDLE_EXECUTABLE_FOLDER_PATH)/DiagramEditor";
			};
			name = Release;
		};
/* End XCBuildConfiguration section */

/* Begin XCConfigurationList section */
		EBD863CD293B6E97002D835D /* Build configuration list for PBXProject "DiagramEditor" */ = {
			isa = XCConfigurationList;
			buildConfigurations = (
				EBD863E2293B6E9B002D835D /* Debug */,
				EBD863E3293B6E9B002D835D /* Release */,
			);
			defaultConfigurationIsVisible = 0;
			defaultConfigurationName = Release;
		};
		EBD863E4293B6E9B002D835D /* Build configuration list for PBXNativeTarget "DiagramEditor" */ = {
			isa = XCConfigurationList;
			buildConfigurations = (
				EBD863E5293B6E9B002D835D /* Debug */,
				EBD863E6293B6E9B002D835D /* Release */,
			);
			defaultConfigurationIsVisible = 0;
			defaultConfigurationName = Release;
		};
		EBF334AA2A6913A20099EE4E /* Build configuration list for PBXNativeTarget "DiagramEditorTests" */ = {
			isa = XCConfigurationList;
			buildConfigurations = (
				EBF334AB2A6913A20099EE4E /* Debug */,
				EBF334AC2A6913A20099EE4E /* Release */,
			);
			defaultConfigurationIsVisible = 0;
			defaultConfigurationName = Release;
		};
/* End XCConfigurationList section */

/* Begin XCRemoteSwiftPackageReference section */
		EF38A29F2D637130001A6C9B /* XCRemoteSwiftPackageReference "OuDiaKit" */ = {
			isa = XCRemoteSwiftPackageReference;
			repositoryURL = "https://github.com/yu3san3/OuDiaKit.git";
			requirement = {
				branch = develop;
				kind = branch;
			};
		};
/* End XCRemoteSwiftPackageReference section */

/* Begin XCSwiftPackageProductDependency section */
		EF38A2A02D637130001A6C9B /* OuDiaKit */ = {
			isa = XCSwiftPackageProductDependency;
			package = EF38A29F2D637130001A6C9B /* XCRemoteSwiftPackageReference "OuDiaKit" */;
			productName = OuDiaKit;
		};
/* End XCSwiftPackageProductDependency section */
	};
	rootObject = EBD863CA293B6E97002D835D /* Project object */;
}
