{
  "originHash" : "5f6c98000d8e07305b900a7c1043a2a408ebc920f5bd7f5ded378448728e2344",
  "pins" : [
    {
      "identity" : "oudiakit",
      "kind" : "remoteSourceControl",
      "location" : "https://github.com/yu3san3/OuDiaKit.git",
      "state" : {
        "branch" : "develop",
        "revision" : "8e8f4f6587c6d414a815e44c9dc723d0f1afbd69"
      }
    },
    {
      "identity" : "syncedscrollview",
      "kind" : "remoteSourceControl",
      "location" : "https://github.com/yu3san3/SyncedScrollView.git",
      "state" : {
        "revision" : "baa199f116882645b048802dce63922608f7768c",
        "version" : "1.0.0"
      }
    }
  ],
  "version" : 3
}
