{
  "originHash" : "12eb1d16f4ca328cbd1bdbf85aa3320af209ac513251a9cf95ea24e253f8ea24",
  "pins" : [
    {
      "identity" : "oudiakit",
      "kind" : "remoteSourceControl",
      "location" : "https://github.com/yu3san3/OuDiaKit.git",
      "state" : {
        "branch" : "develop",
        "revision" : "72fd45983b97c55941b8ce46d4d2b115f58bafa4"
      }
    }
  ],
  "version" : 3
}
