{
  "originHash" : "12eb1d16f4ca328cbd1bdbf85aa3320af209ac513251a9cf95ea24e253f8ea24",
  "pins" : [
    {
      "identity" : "oudiakit",
      "kind" : "remoteSourceControl",
      "location" : "https://github.com/yu3san3/OuDiaKit.git",
      "state" : {
        "branch" : "develop",
        "revision" : "0c3d4e9d30a806155352f608491fbffa0c7572ad"
      }
    }
  ],
  "version" : 3
}
